
Microsoft Visual Studio Solution File, Format Version 12.00
# Visual Studio 15
VisualStudioVersion = 15.0.28307.168
MinimumVisualStudioVersion = 10.0.40219.1
Project("{8BC9CEB8-8B4A-11D0-8D11-00A0C91BC942}") = "1-07_FirstProgram", "FirstProgram\FirstProgram.vcxproj", "{BC877819-3B46-4D38-AA2B-8548B824ABF2}"
EndProject
Project("{8BC9CEB8-8B4A-11D0-8D11-00A0C91BC942}") = "1-07_X-letter", "X-letter\X-letter.vcxproj", "{78768DB5-A6B9-4C0A-8992-096C6ECF59D3}"
EndProject
Project("{8BC9CEB8-8B4A-11D0-8D11-00A0C91BC942}") = "1-09_InputExample", "InputExample\InputExample.vcxproj", "{2CDE9490-A981-47D2-B9D7-32B1F184947D}"
EndProject
Project("{8BC9CEB8-8B4A-11D0-8D11-00A0C91BC942}") = "1-14_arithmetic", "arithmetic\arithmetic.vcxproj", "{737DC084-0187-4842-87E4-BE80C2EE84FA}"
EndProject
Project("{8BC9CEB8-8B4A-11D0-8D11-00A0C91BC942}") = "1-14_mi_ft_in_2_in", "mi_ft_in_2_in\mi_ft_in_2_in.vcxproj", "{F80FCE2A-23F7-4D83-9E37-A2C9FF133EAF}"
EndProject
Project("{8BC9CEB8-8B4A-11D0-8D11-00A0C91BC942}") = "1-14_in_2_mi_ft_in", "in_2_mi_ft_in\in_2_mi_ft_in.vcxproj", "{3954BA13-57F4-42DC-B464-3F44891736A1}"
EndProject
Project("{8BC9CEB8-8B4A-11D0-8D11-00A0C91BC942}") = "1-16_addfifths", "1-16_addfifths\1-16_addfifths.vcxproj", "{6FFA6554-8698-45FD-AAD9-A4BCE276D7D9}"
EndProject
Project("{8BC9CEB8-8B4A-11D0-8D11-00A0C91BC942}") = "1-16_addeighths", "1-16_addeighths\1-16_addeighths.vcxproj", "{970AD791-EB70-4F3A-9A69-4D1C8F58B7B2}"
EndProject
Project("{8BC9CEB8-8B4A-11D0-8D11-00A0C91BC942}") = "01-16_floatingdivision", "01-16_floatingdivision\01-16_floatingdivision.vcxproj", "{085EAFBB-ADDC-43BF-88A2-2EB14A5E0888}"
EndProject
Project("{8BC9CEB8-8B4A-11D0-8D11-00A0C91BC942}") = "1-16_Quiz01", "1-16_Quiz01\1-16_Quiz01.vcxproj", "{70C16543-474B-432E-B508-CC73871BA4F2}"
EndProject
Project("{8BC9CEB8-8B4A-11D0-8D11-00A0C91BC942}") = "NumberToText", "NumberToText\NumberToText.vcxproj", "{BD5AF6BC-D3C7-466E-9B23-3DA94D9C89EA}"
EndProject
Project("{8BC9CEB8-8B4A-11D0-8D11-00A0C91BC942}") = "BinaryConvert", "BinaryConvert\BinaryConvert.vcxproj", "{48B16C1F-D0FB-4B7C-8A85-1AD190721502}"
EndProject
Project("{8BC9CEB8-8B4A-11D0-8D11-00A0C91BC942}") = "C++171", "C++171\C++171.vcxproj", "{9B957791-C7D4-45AF-A17E-27975ACF3D8F}"
EndProject
Project("{8BC9CEB8-8B4A-11D0-8D11-00A0C91BC942}") = "primes", "primes\primes.vcxproj", "{4A8F6AD2-7B35-48FD-B26D-C5F4EF2EEA6E}"
EndProject
Project("{8BC9CEB8-8B4A-11D0-8D11-00A0C91BC942}") = "primes2", "primes2\primes2.vcxproj", "{ED0A8ACE-2AF0-4C82-A9CB-50A4D16EA5AB}"
EndProject
Project("{8BC9CEB8-8B4A-11D0-8D11-00A0C91BC942}") = "switch_example", "switch_example\switch_example.vcxproj", "{B2901E43-88AC-47B3-859D-987FE9C2F86B}"
EndProject
Project("{8BC9CEB8-8B4A-11D0-8D11-00A0C91BC942}") = "simple_for", "simple_for\simple_for.vcxproj", "{7A3B48BD-D7F2-430B-95FC-A96DA41D63F5}"
EndProject
Project("{8BC9CEB8-8B4A-11D0-8D11-00A0C91BC942}") = "timestable1", "timestable1\timestable1.vcxproj", "{9717D71C-A2FB-45A2-9C27-386571826FE3}"
EndProject
Project("{8BC9CEB8-8B4A-11D0-8D11-00A0C91BC942}") = "timestable2", "timestable2\timestable2.vcxproj", "{BBF3CC7F-5E5C-4037-9F11-C1615D8EC445}"
EndProject
Project("{8BC9CEB8-8B4A-11D0-8D11-00A0C91BC942}") = "timestable3", "timestable3\timestable3.vcxproj", "{32946735-F42F-4575-A9DE-7679C209175D}"
EndProject
Project("{8BC9CEB8-8B4A-11D0-8D11-00A0C91BC942}") = "timestable4", "timestable4\timestable4.vcxproj", "{B0197CD9-CD6F-484C-83E4-86A8506CDAB0}"
EndProject
Project("{8BC9CEB8-8B4A-11D0-8D11-00A0C91BC942}") = "timestable5", "timestable5\timestable5.vcxproj", "{2553BC54-4EB0-4163-A54C-842A3820DE4F}"
EndProject
Project("{8BC9CEB8-8B4A-11D0-8D11-00A0C91BC942}") = "chars_as_numbers", "chars_as_numbers\chars_as_numbers.vcxproj", "{0842CE1D-19E6-461F-9D4F-BCE8440A9A53}"
EndProject
Project("{8BC9CEB8-8B4A-11D0-8D11-00A0C91BC942}") = "my_square_root_1", "my_square_root_1\my_square_root_1.vcxproj", "{F3E85E27-2995-4D7A-884F-CDF327F31A12}"
EndProject
Project("{8BC9CEB8-8B4A-11D0-8D11-00A0C91BC942}") = "my_square_root_2", "my_square_root_2\my_square_root_2.vcxproj", "{3AB33ADB-9EB2-42E2-BA94-5DDA2713CC38}"
EndProject
Project("{8BC9CEB8-8B4A-11D0-8D11-00A0C91BC942}") = "timed_input", "timed_input\timed_input.vcxproj", "{1DDF5B0F-F3C5-4EE8-BF97-639AFEC16CD3}"
EndProject
Project("{8BC9CEB8-8B4A-11D0-8D11-00A0C91BC942}") = "visualgeometry", "visualgeometry\visualgeometry.vcxproj", "{BA0C1FD8-4586-47F0-B642-C53B1CFA9FD7}"
EndProject
Project("{8BC9CEB8-8B4A-11D0-8D11-00A0C91BC942}") = "gcd", "gcd\gcd.vcxproj", "{3F030A33-D774-4D92-B487-36FE343607B8}"
EndProject
Project("{8BC9CEB8-8B4A-11D0-8D11-00A0C91BC942}") = "mathfunc", "mathfunc\mathfunc.vcxproj", "{6411D7E1-493E-4F96-8CC7-A55E86804A74}"
EndProject
Project("{8BC9CEB8-8B4A-11D0-8D11-00A0C91BC942}") = "Bluebox", "Bluebox\Bluebox.vcxproj", "{331284EB-DDFE-4608-8F44-638D98FE46F4}"
EndProject
Global
	GlobalSection(SolutionConfigurationPlatforms) = preSolution
		Debug|x64 = Debug|x64
		Debug|x86 = Debug|x86
		Release|x64 = Release|x64
		Release|x86 = Release|x86
	EndGlobalSection
	GlobalSection(ProjectConfigurationPlatforms) = postSolution
		{BC877819-3B46-4D38-AA2B-8548B824ABF2}.Debug|x64.ActiveCfg = Debug|x64
		{BC877819-3B46-4D38-AA2B-8548B824ABF2}.Debug|x64.Build.0 = Debug|x64
		{BC877819-3B46-4D38-AA2B-8548B824ABF2}.Debug|x86.ActiveCfg = Debug|Win32
		{BC877819-3B46-4D38-AA2B-8548B824ABF2}.Debug|x86.Build.0 = Debug|Win32
		{BC877819-3B46-4D38-AA2B-8548B824ABF2}.Release|x64.ActiveCfg = Release|x64
		{BC877819-3B46-4D38-AA2B-8548B824ABF2}.Release|x64.Build.0 = Release|x64
		{BC877819-3B46-4D38-AA2B-8548B824ABF2}.Release|x86.ActiveCfg = Release|Win32
		{BC877819-3B46-4D38-AA2B-8548B824ABF2}.Release|x86.Build.0 = Release|Win32
		{78768DB5-A6B9-4C0A-8992-096C6ECF59D3}.Debug|x64.ActiveCfg = Debug|x64
		{78768DB5-A6B9-4C0A-8992-096C6ECF59D3}.Debug|x64.Build.0 = Debug|x64
		{78768DB5-A6B9-4C0A-8992-096C6ECF59D3}.Debug|x86.ActiveCfg = Debug|Win32
		{78768DB5-A6B9-4C0A-8992-096C6ECF59D3}.Debug|x86.Build.0 = Debug|Win32
		{78768DB5-A6B9-4C0A-8992-096C6ECF59D3}.Release|x64.ActiveCfg = Release|x64
		{78768DB5-A6B9-4C0A-8992-096C6ECF59D3}.Release|x64.Build.0 = Release|x64
		{78768DB5-A6B9-4C0A-8992-096C6ECF59D3}.Release|x86.ActiveCfg = Release|Win32
		{78768DB5-A6B9-4C0A-8992-096C6ECF59D3}.Release|x86.Build.0 = Release|Win32
		{2CDE9490-A981-47D2-B9D7-32B1F184947D}.Debug|x64.ActiveCfg = Debug|x64
		{2CDE9490-A981-47D2-B9D7-32B1F184947D}.Debug|x64.Build.0 = Debug|x64
		{2CDE9490-A981-47D2-B9D7-32B1F184947D}.Debug|x86.ActiveCfg = Debug|Win32
		{2CDE9490-A981-47D2-B9D7-32B1F184947D}.Debug|x86.Build.0 = Debug|Win32
		{2CDE9490-A981-47D2-B9D7-32B1F184947D}.Release|x64.ActiveCfg = Release|x64
		{2CDE9490-A981-47D2-B9D7-32B1F184947D}.Release|x64.Build.0 = Release|x64
		{2CDE9490-A981-47D2-B9D7-32B1F184947D}.Release|x86.ActiveCfg = Release|Win32
		{2CDE9490-A981-47D2-B9D7-32B1F184947D}.Release|x86.Build.0 = Release|Win32
		{737DC084-0187-4842-87E4-BE80C2EE84FA}.Debug|x64.ActiveCfg = Debug|x64
		{737DC084-0187-4842-87E4-BE80C2EE84FA}.Debug|x64.Build.0 = Debug|x64
		{737DC084-0187-4842-87E4-BE80C2EE84FA}.Debug|x86.ActiveCfg = Debug|Win32
		{737DC084-0187-4842-87E4-BE80C2EE84FA}.Debug|x86.Build.0 = Debug|Win32
		{737DC084-0187-4842-87E4-BE80C2EE84FA}.Release|x64.ActiveCfg = Release|x64
		{737DC084-0187-4842-87E4-BE80C2EE84FA}.Release|x64.Build.0 = Release|x64
		{737DC084-0187-4842-87E4-BE80C2EE84FA}.Release|x86.ActiveCfg = Release|Win32
		{737DC084-0187-4842-87E4-BE80C2EE84FA}.Release|x86.Build.0 = Release|Win32
		{F80FCE2A-23F7-4D83-9E37-A2C9FF133EAF}.Debug|x64.ActiveCfg = Debug|x64
		{F80FCE2A-23F7-4D83-9E37-A2C9FF133EAF}.Debug|x64.Build.0 = Debug|x64
		{F80FCE2A-23F7-4D83-9E37-A2C9FF133EAF}.Debug|x86.ActiveCfg = Debug|Win32
		{F80FCE2A-23F7-4D83-9E37-A2C9FF133EAF}.Debug|x86.Build.0 = Debug|Win32
		{F80FCE2A-23F7-4D83-9E37-A2C9FF133EAF}.Release|x64.ActiveCfg = Release|x64
		{F80FCE2A-23F7-4D83-9E37-A2C9FF133EAF}.Release|x64.Build.0 = Release|x64
		{F80FCE2A-23F7-4D83-9E37-A2C9FF133EAF}.Release|x86.ActiveCfg = Release|Win32
		{F80FCE2A-23F7-4D83-9E37-A2C9FF133EAF}.Release|x86.Build.0 = Release|Win32
		{3954BA13-57F4-42DC-B464-3F44891736A1}.Debug|x64.ActiveCfg = Debug|x64
		{3954BA13-57F4-42DC-B464-3F44891736A1}.Debug|x64.Build.0 = Debug|x64
		{3954BA13-57F4-42DC-B464-3F44891736A1}.Debug|x86.ActiveCfg = Debug|Win32
		{3954BA13-57F4-42DC-B464-3F44891736A1}.Debug|x86.Build.0 = Debug|Win32
		{3954BA13-57F4-42DC-B464-3F44891736A1}.Release|x64.ActiveCfg = Release|x64
		{3954BA13-57F4-42DC-B464-3F44891736A1}.Release|x64.Build.0 = Release|x64
		{3954BA13-57F4-42DC-B464-3F44891736A1}.Release|x86.ActiveCfg = Release|Win32
		{3954BA13-57F4-42DC-B464-3F44891736A1}.Release|x86.Build.0 = Release|Win32
		{6FFA6554-8698-45FD-AAD9-A4BCE276D7D9}.Debug|x64.ActiveCfg = Debug|x64
		{6FFA6554-8698-45FD-AAD9-A4BCE276D7D9}.Debug|x64.Build.0 = Debug|x64
		{6FFA6554-8698-45FD-AAD9-A4BCE276D7D9}.Debug|x86.ActiveCfg = Debug|Win32
		{6FFA6554-8698-45FD-AAD9-A4BCE276D7D9}.Debug|x86.Build.0 = Debug|Win32
		{6FFA6554-8698-45FD-AAD9-A4BCE276D7D9}.Release|x64.ActiveCfg = Release|x64
		{6FFA6554-8698-45FD-AAD9-A4BCE276D7D9}.Release|x64.Build.0 = Release|x64
		{6FFA6554-8698-45FD-AAD9-A4BCE276D7D9}.Release|x86.ActiveCfg = Release|Win32
		{6FFA6554-8698-45FD-AAD9-A4BCE276D7D9}.Release|x86.Build.0 = Release|Win32
		{970AD791-EB70-4F3A-9A69-4D1C8F58B7B2}.Debug|x64.ActiveCfg = Debug|x64
		{970AD791-EB70-4F3A-9A69-4D1C8F58B7B2}.Debug|x64.Build.0 = Debug|x64
		{970AD791-EB70-4F3A-9A69-4D1C8F58B7B2}.Debug|x86.ActiveCfg = Debug|Win32
		{970AD791-EB70-4F3A-9A69-4D1C8F58B7B2}.Debug|x86.Build.0 = Debug|Win32
		{970AD791-EB70-4F3A-9A69-4D1C8F58B7B2}.Release|x64.ActiveCfg = Release|x64
		{970AD791-EB70-4F3A-9A69-4D1C8F58B7B2}.Release|x64.Build.0 = Release|x64
		{970AD791-EB70-4F3A-9A69-4D1C8F58B7B2}.Release|x86.ActiveCfg = Release|Win32
		{970AD791-EB70-4F3A-9A69-4D1C8F58B7B2}.Release|x86.Build.0 = Release|Win32
		{085EAFBB-ADDC-43BF-88A2-2EB14A5E0888}.Debug|x64.ActiveCfg = Debug|x64
		{085EAFBB-ADDC-43BF-88A2-2EB14A5E0888}.Debug|x64.Build.0 = Debug|x64
		{085EAFBB-ADDC-43BF-88A2-2EB14A5E0888}.Debug|x86.ActiveCfg = Debug|Win32
		{085EAFBB-ADDC-43BF-88A2-2EB14A5E0888}.Debug|x86.Build.0 = Debug|Win32
		{085EAFBB-ADDC-43BF-88A2-2EB14A5E0888}.Release|x64.ActiveCfg = Release|x64
		{085EAFBB-ADDC-43BF-88A2-2EB14A5E0888}.Release|x64.Build.0 = Release|x64
		{085EAFBB-ADDC-43BF-88A2-2EB14A5E0888}.Release|x86.ActiveCfg = Release|Win32
		{085EAFBB-ADDC-43BF-88A2-2EB14A5E0888}.Release|x86.Build.0 = Release|Win32
		{70C16543-474B-432E-B508-CC73871BA4F2}.Debug|x64.ActiveCfg = Debug|x64
		{70C16543-474B-432E-B508-CC73871BA4F2}.Debug|x64.Build.0 = Debug|x64
		{70C16543-474B-432E-B508-CC73871BA4F2}.Debug|x86.ActiveCfg = Debug|Win32
		{70C16543-474B-432E-B508-CC73871BA4F2}.Debug|x86.Build.0 = Debug|Win32
		{70C16543-474B-432E-B508-CC73871BA4F2}.Release|x64.ActiveCfg = Release|x64
		{70C16543-474B-432E-B508-CC73871BA4F2}.Release|x64.Build.0 = Release|x64
		{70C16543-474B-432E-B508-CC73871BA4F2}.Release|x86.ActiveCfg = Release|Win32
		{70C16543-474B-432E-B508-CC73871BA4F2}.Release|x86.Build.0 = Release|Win32
		{BD5AF6BC-D3C7-466E-9B23-3DA94D9C89EA}.Debug|x64.ActiveCfg = Debug|x64
		{BD5AF6BC-D3C7-466E-9B23-3DA94D9C89EA}.Debug|x64.Build.0 = Debug|x64
		{BD5AF6BC-D3C7-466E-9B23-3DA94D9C89EA}.Debug|x86.ActiveCfg = Debug|Win32
		{BD5AF6BC-D3C7-466E-9B23-3DA94D9C89EA}.Debug|x86.Build.0 = Debug|Win32
		{BD5AF6BC-D3C7-466E-9B23-3DA94D9C89EA}.Release|x64.ActiveCfg = Release|x64
		{BD5AF6BC-D3C7-466E-9B23-3DA94D9C89EA}.Release|x64.Build.0 = Release|x64
		{BD5AF6BC-D3C7-466E-9B23-3DA94D9C89EA}.Release|x86.ActiveCfg = Release|Win32
		{BD5AF6BC-D3C7-466E-9B23-3DA94D9C89EA}.Release|x86.Build.0 = Release|Win32
		{48B16C1F-D0FB-4B7C-8A85-1AD190721502}.Debug|x64.ActiveCfg = Debug|x64
		{48B16C1F-D0FB-4B7C-8A85-1AD190721502}.Debug|x64.Build.0 = Debug|x64
		{48B16C1F-D0FB-4B7C-8A85-1AD190721502}.Debug|x86.ActiveCfg = Debug|Win32
		{48B16C1F-D0FB-4B7C-8A85-1AD190721502}.Debug|x86.Build.0 = Debug|Win32
		{48B16C1F-D0FB-4B7C-8A85-1AD190721502}.Release|x64.ActiveCfg = Release|x64
		{48B16C1F-D0FB-4B7C-8A85-1AD190721502}.Release|x64.Build.0 = Release|x64
		{48B16C1F-D0FB-4B7C-8A85-1AD190721502}.Release|x86.ActiveCfg = Release|Win32
		{48B16C1F-D0FB-4B7C-8A85-1AD190721502}.Release|x86.Build.0 = Release|Win32
		{9B957791-C7D4-45AF-A17E-27975ACF3D8F}.Debug|x64.ActiveCfg = Debug|x64
		{9B957791-C7D4-45AF-A17E-27975ACF3D8F}.Debug|x64.Build.0 = Debug|x64
		{9B957791-C7D4-45AF-A17E-27975ACF3D8F}.Debug|x86.ActiveCfg = Debug|Win32
		{9B957791-C7D4-45AF-A17E-27975ACF3D8F}.Debug|x86.Build.0 = Debug|Win32
		{9B957791-C7D4-45AF-A17E-27975ACF3D8F}.Release|x64.ActiveCfg = Release|x64
		{9B957791-C7D4-45AF-A17E-27975ACF3D8F}.Release|x64.Build.0 = Release|x64
		{9B957791-C7D4-45AF-A17E-27975ACF3D8F}.Release|x86.ActiveCfg = Release|Win32
		{9B957791-C7D4-45AF-A17E-27975ACF3D8F}.Release|x86.Build.0 = Release|Win32
		{4A8F6AD2-7B35-48FD-B26D-C5F4EF2EEA6E}.Debug|x64.ActiveCfg = Debug|x64
		{4A8F6AD2-7B35-48FD-B26D-C5F4EF2EEA6E}.Debug|x64.Build.0 = Debug|x64
		{4A8F6AD2-7B35-48FD-B26D-C5F4EF2EEA6E}.Debug|x86.ActiveCfg = Debug|Win32
		{4A8F6AD2-7B35-48FD-B26D-C5F4EF2EEA6E}.Debug|x86.Build.0 = Debug|Win32
		{4A8F6AD2-7B35-48FD-B26D-C5F4EF2EEA6E}.Release|x64.ActiveCfg = Release|x64
		{4A8F6AD2-7B35-48FD-B26D-C5F4EF2EEA6E}.Release|x64.Build.0 = Release|x64
		{4A8F6AD2-7B35-48FD-B26D-C5F4EF2EEA6E}.Release|x86.ActiveCfg = Release|Win32
		{4A8F6AD2-7B35-48FD-B26D-C5F4EF2EEA6E}.Release|x86.Build.0 = Release|Win32
		{ED0A8ACE-2AF0-4C82-A9CB-50A4D16EA5AB}.Debug|x64.ActiveCfg = Debug|x64
		{ED0A8ACE-2AF0-4C82-A9CB-50A4D16EA5AB}.Debug|x64.Build.0 = Debug|x64
		{ED0A8ACE-2AF0-4C82-A9CB-50A4D16EA5AB}.Debug|x86.ActiveCfg = Debug|Win32
		{ED0A8ACE-2AF0-4C82-A9CB-50A4D16EA5AB}.Debug|x86.Build.0 = Debug|Win32
		{ED0A8ACE-2AF0-4C82-A9CB-50A4D16EA5AB}.Release|x64.ActiveCfg = Release|x64
		{ED0A8ACE-2AF0-4C82-A9CB-50A4D16EA5AB}.Release|x64.Build.0 = Release|x64
		{ED0A8ACE-2AF0-4C82-A9CB-50A4D16EA5AB}.Release|x86.ActiveCfg = Release|Win32
		{ED0A8ACE-2AF0-4C82-A9CB-50A4D16EA5AB}.Release|x86.Build.0 = Release|Win32
		{B2901E43-88AC-47B3-859D-987FE9C2F86B}.Debug|x64.ActiveCfg = Debug|x64
		{B2901E43-88AC-47B3-859D-987FE9C2F86B}.Debug|x64.Build.0 = Debug|x64
		{B2901E43-88AC-47B3-859D-987FE9C2F86B}.Debug|x86.ActiveCfg = Debug|Win32
		{B2901E43-88AC-47B3-859D-987FE9C2F86B}.Debug|x86.Build.0 = Debug|Win32
		{B2901E43-88AC-47B3-859D-987FE9C2F86B}.Release|x64.ActiveCfg = Release|x64
		{B2901E43-88AC-47B3-859D-987FE9C2F86B}.Release|x64.Build.0 = Release|x64
		{B2901E43-88AC-47B3-859D-987FE9C2F86B}.Release|x86.ActiveCfg = Release|Win32
		{B2901E43-88AC-47B3-859D-987FE9C2F86B}.Release|x86.Build.0 = Release|Win32
		{7A3B48BD-D7F2-430B-95FC-A96DA41D63F5}.Debug|x64.ActiveCfg = Debug|x64
		{7A3B48BD-D7F2-430B-95FC-A96DA41D63F5}.Debug|x64.Build.0 = Debug|x64
		{7A3B48BD-D7F2-430B-95FC-A96DA41D63F5}.Debug|x86.ActiveCfg = Debug|Win32
		{7A3B48BD-D7F2-430B-95FC-A96DA41D63F5}.Debug|x86.Build.0 = Debug|Win32
		{7A3B48BD-D7F2-430B-95FC-A96DA41D63F5}.Release|x64.ActiveCfg = Release|x64
		{7A3B48BD-D7F2-430B-95FC-A96DA41D63F5}.Release|x64.Build.0 = Release|x64
		{7A3B48BD-D7F2-430B-95FC-A96DA41D63F5}.Release|x86.ActiveCfg = Release|Win32
		{7A3B48BD-D7F2-430B-95FC-A96DA41D63F5}.Release|x86.Build.0 = Release|Win32
		{9717D71C-A2FB-45A2-9C27-386571826FE3}.Debug|x64.ActiveCfg = Debug|x64
		{9717D71C-A2FB-45A2-9C27-386571826FE3}.Debug|x64.Build.0 = Debug|x64
		{9717D71C-A2FB-45A2-9C27-386571826FE3}.Debug|x86.ActiveCfg = Debug|Win32
		{9717D71C-A2FB-45A2-9C27-386571826FE3}.Debug|x86.Build.0 = Debug|Win32
		{9717D71C-A2FB-45A2-9C27-386571826FE3}.Release|x64.ActiveCfg = Release|x64
		{9717D71C-A2FB-45A2-9C27-386571826FE3}.Release|x64.Build.0 = Release|x64
		{9717D71C-A2FB-45A2-9C27-386571826FE3}.Release|x86.ActiveCfg = Release|Win32
		{9717D71C-A2FB-45A2-9C27-386571826FE3}.Release|x86.Build.0 = Release|Win32
		{BBF3CC7F-5E5C-4037-9F11-C1615D8EC445}.Debug|x64.ActiveCfg = Debug|x64
		{BBF3CC7F-5E5C-4037-9F11-C1615D8EC445}.Debug|x64.Build.0 = Debug|x64
		{BBF3CC7F-5E5C-4037-9F11-C1615D8EC445}.Debug|x86.ActiveCfg = Debug|Win32
		{BBF3CC7F-5E5C-4037-9F11-C1615D8EC445}.Debug|x86.Build.0 = Debug|Win32
		{BBF3CC7F-5E5C-4037-9F11-C1615D8EC445}.Release|x64.ActiveCfg = Release|x64
		{BBF3CC7F-5E5C-4037-9F11-C1615D8EC445}.Release|x64.Build.0 = Release|x64
		{BBF3CC7F-5E5C-4037-9F11-C1615D8EC445}.Release|x86.ActiveCfg = Release|Win32
		{BBF3CC7F-5E5C-4037-9F11-C1615D8EC445}.Release|x86.Build.0 = Release|Win32
		{32946735-F42F-4575-A9DE-7679C209175D}.Debug|x64.ActiveCfg = Debug|x64
		{32946735-F42F-4575-A9DE-7679C209175D}.Debug|x64.Build.0 = Debug|x64
		{32946735-F42F-4575-A9DE-7679C209175D}.Debug|x86.ActiveCfg = Debug|Win32
		{32946735-F42F-4575-A9DE-7679C209175D}.Debug|x86.Build.0 = Debug|Win32
		{32946735-F42F-4575-A9DE-7679C209175D}.Release|x64.ActiveCfg = Release|x64
		{32946735-F42F-4575-A9DE-7679C209175D}.Release|x64.Build.0 = Release|x64
		{32946735-F42F-4575-A9DE-7679C209175D}.Release|x86.ActiveCfg = Release|Win32
		{32946735-F42F-4575-A9DE-7679C209175D}.Release|x86.Build.0 = Release|Win32
		{B0197CD9-CD6F-484C-83E4-86A8506CDAB0}.Debug|x64.ActiveCfg = Debug|x64
		{B0197CD9-CD6F-484C-83E4-86A8506CDAB0}.Debug|x64.Build.0 = Debug|x64
		{B0197CD9-CD6F-484C-83E4-86A8506CDAB0}.Debug|x86.ActiveCfg = Debug|Win32
		{B0197CD9-CD6F-484C-83E4-86A8506CDAB0}.Debug|x86.Build.0 = Debug|Win32
		{B0197CD9-CD6F-484C-83E4-86A8506CDAB0}.Release|x64.ActiveCfg = Release|x64
		{B0197CD9-CD6F-484C-83E4-86A8506CDAB0}.Release|x64.Build.0 = Release|x64
		{B0197CD9-CD6F-484C-83E4-86A8506CDAB0}.Release|x86.ActiveCfg = Release|Win32
		{B0197CD9-CD6F-484C-83E4-86A8506CDAB0}.Release|x86.Build.0 = Release|Win32
		{2553BC54-4EB0-4163-A54C-842A3820DE4F}.Debug|x64.ActiveCfg = Debug|x64
		{2553BC54-4EB0-4163-A54C-842A3820DE4F}.Debug|x64.Build.0 = Debug|x64
		{2553BC54-4EB0-4163-A54C-842A3820DE4F}.Debug|x86.ActiveCfg = Debug|Win32
		{2553BC54-4EB0-4163-A54C-842A3820DE4F}.Debug|x86.Build.0 = Debug|Win32
		{2553BC54-4EB0-4163-A54C-842A3820DE4F}.Release|x64.ActiveCfg = Release|x64
		{2553BC54-4EB0-4163-A54C-842A3820DE4F}.Release|x64.Build.0 = Release|x64
		{2553BC54-4EB0-4163-A54C-842A3820DE4F}.Release|x86.ActiveCfg = Release|Win32
		{2553BC54-4EB0-4163-A54C-842A3820DE4F}.Release|x86.Build.0 = Release|Win32
		{0842CE1D-19E6-461F-9D4F-BCE8440A9A53}.Debug|x64.ActiveCfg = Debug|x64
		{0842CE1D-19E6-461F-9D4F-BCE8440A9A53}.Debug|x64.Build.0 = Debug|x64
		{0842CE1D-19E6-461F-9D4F-BCE8440A9A53}.Debug|x86.ActiveCfg = Debug|Win32
		{0842CE1D-19E6-461F-9D4F-BCE8440A9A53}.Debug|x86.Build.0 = Debug|Win32
		{0842CE1D-19E6-461F-9D4F-BCE8440A9A53}.Release|x64.ActiveCfg = Release|x64
		{0842CE1D-19E6-461F-9D4F-BCE8440A9A53}.Release|x64.Build.0 = Release|x64
		{0842CE1D-19E6-461F-9D4F-BCE8440A9A53}.Release|x86.ActiveCfg = Release|Win32
		{0842CE1D-19E6-461F-9D4F-BCE8440A9A53}.Release|x86.Build.0 = Release|Win32
		{F3E85E27-2995-4D7A-884F-CDF327F31A12}.Debug|x64.ActiveCfg = Debug|x64
		{F3E85E27-2995-4D7A-884F-CDF327F31A12}.Debug|x64.Build.0 = Debug|x64
		{F3E85E27-2995-4D7A-884F-CDF327F31A12}.Debug|x86.ActiveCfg = Debug|Win32
		{F3E85E27-2995-4D7A-884F-CDF327F31A12}.Debug|x86.Build.0 = Debug|Win32
		{F3E85E27-2995-4D7A-884F-CDF327F31A12}.Release|x64.ActiveCfg = Release|x64
		{F3E85E27-2995-4D7A-884F-CDF327F31A12}.Release|x64.Build.0 = Release|x64
		{F3E85E27-2995-4D7A-884F-CDF327F31A12}.Release|x86.ActiveCfg = Release|Win32
		{F3E85E27-2995-4D7A-884F-CDF327F31A12}.Release|x86.Build.0 = Release|Win32
		{3AB33ADB-9EB2-42E2-BA94-5DDA2713CC38}.Debug|x64.ActiveCfg = Debug|x64
		{3AB33ADB-9EB2-42E2-BA94-5DDA2713CC38}.Debug|x64.Build.0 = Debug|x64
		{3AB33ADB-9EB2-42E2-BA94-5DDA2713CC38}.Debug|x86.ActiveCfg = Debug|Win32
		{3AB33ADB-9EB2-42E2-BA94-5DDA2713CC38}.Debug|x86.Build.0 = Debug|Win32
		{3AB33ADB-9EB2-42E2-BA94-5DDA2713CC38}.Release|x64.ActiveCfg = Release|x64
		{3AB33ADB-9EB2-42E2-BA94-5DDA2713CC38}.Release|x64.Build.0 = Release|x64
		{3AB33ADB-9EB2-42E2-BA94-5DDA2713CC38}.Release|x86.ActiveCfg = Release|Win32
		{3AB33ADB-9EB2-42E2-BA94-5DDA2713CC38}.Release|x86.Build.0 = Release|Win32
		{1DDF5B0F-F3C5-4EE8-BF97-639AFEC16CD3}.Debug|x64.ActiveCfg = Debug|x64
		{1DDF5B0F-F3C5-4EE8-BF97-639AFEC16CD3}.Debug|x64.Build.0 = Debug|x64
		{1DDF5B0F-F3C5-4EE8-BF97-639AFEC16CD3}.Debug|x86.ActiveCfg = Debug|Win32
		{1DDF5B0F-F3C5-4EE8-BF97-639AFEC16CD3}.Debug|x86.Build.0 = Debug|Win32
		{1DDF5B0F-F3C5-4EE8-BF97-639AFEC16CD3}.Release|x64.ActiveCfg = Release|x64
		{1DDF5B0F-F3C5-4EE8-BF97-639AFEC16CD3}.Release|x64.Build.0 = Release|x64
		{1DDF5B0F-F3C5-4EE8-BF97-639AFEC16CD3}.Release|x86.ActiveCfg = Release|Win32
		{1DDF5B0F-F3C5-4EE8-BF97-639AFEC16CD3}.Release|x86.Build.0 = Release|Win32
		{BA0C1FD8-4586-47F0-B642-C53B1CFA9FD7}.Debug|x64.ActiveCfg = Debug|x64
		{BA0C1FD8-4586-47F0-B642-C53B1CFA9FD7}.Debug|x64.Build.0 = Debug|x64
		{BA0C1FD8-4586-47F0-B642-C53B1CFA9FD7}.Debug|x86.ActiveCfg = Debug|Win32
		{BA0C1FD8-4586-47F0-B642-C53B1CFA9FD7}.Debug|x86.Build.0 = Debug|Win32
		{BA0C1FD8-4586-47F0-B642-C53B1CFA9FD7}.Release|x64.ActiveCfg = Release|x64
		{BA0C1FD8-4586-47F0-B642-C53B1CFA9FD7}.Release|x64.Build.0 = Release|x64
		{BA0C1FD8-4586-47F0-B642-C53B1CFA9FD7}.Release|x86.ActiveCfg = Release|Win32
		{BA0C1FD8-4586-47F0-B642-C53B1CFA9FD7}.Release|x86.Build.0 = Release|Win32
		{3F030A33-D774-4D92-B487-36FE343607B8}.Debug|x64.ActiveCfg = Debug|x64
		{3F030A33-D774-4D92-B487-36FE343607B8}.Debug|x64.Build.0 = Debug|x64
		{3F030A33-D774-4D92-B487-36FE343607B8}.Debug|x86.ActiveCfg = Debug|Win32
		{3F030A33-D774-4D92-B487-36FE343607B8}.Debug|x86.Build.0 = Debug|Win32
		{3F030A33-D774-4D92-B487-36FE343607B8}.Release|x64.ActiveCfg = Release|x64
		{3F030A33-D774-4D92-B487-36FE343607B8}.Release|x64.Build.0 = Release|x64
		{3F030A33-D774-4D92-B487-36FE343607B8}.Release|x86.ActiveCfg = Release|Win32
		{3F030A33-D774-4D92-B487-36FE343607B8}.Release|x86.Build.0 = Release|Win32
		{6411D7E1-493E-4F96-8CC7-A55E86804A74}.Debug|x64.ActiveCfg = Debug|x64
		{6411D7E1-493E-4F96-8CC7-A55E86804A74}.Debug|x64.Build.0 = Debug|x64
		{6411D7E1-493E-4F96-8CC7-A55E86804A74}.Debug|x86.ActiveCfg = Debug|Win32
		{6411D7E1-493E-4F96-8CC7-A55E86804A74}.Debug|x86.Build.0 = Debug|Win32
		{6411D7E1-493E-4F96-8CC7-A55E86804A74}.Release|x64.ActiveCfg = Release|x64
		{6411D7E1-493E-4F96-8CC7-A55E86804A74}.Release|x64.Build.0 = Release|x64
		{6411D7E1-493E-4F96-8CC7-A55E86804A74}.Release|x86.ActiveCfg = Release|Win32
		{6411D7E1-493E-4F96-8CC7-A55E86804A74}.Release|x86.Build.0 = Release|Win32
		{331284EB-DDFE-4608-8F44-638D98FE46F4}.Debug|x64.ActiveCfg = Debug|x64
		{331284EB-DDFE-4608-8F44-638D98FE46F4}.Debug|x64.Build.0 = Debug|x64
		{331284EB-DDFE-4608-8F44-638D98FE46F4}.Debug|x86.ActiveCfg = Debug|Win32
		{331284EB-DDFE-4608-8F44-638D98FE46F4}.Debug|x86.Build.0 = Debug|Win32
		{331284EB-DDFE-4608-8F44-638D98FE46F4}.Release|x64.ActiveCfg = Release|x64
		{331284EB-DDFE-4608-8F44-638D98FE46F4}.Release|x64.Build.0 = Release|x64
		{331284EB-DDFE-4608-8F44-638D98FE46F4}.Release|x86.ActiveCfg = Release|Win32
		{331284EB-DDFE-4608-8F44-638D98FE46F4}.Release|x86.Build.0 = Release|Win32
	EndGlobalSection
	GlobalSection(SolutionProperties) = preSolution
		HideSolutionNode = FALSE
	EndGlobalSection
	GlobalSection(ExtensibilityGlobals) = postSolution
		SolutionGuid = {507C7474-C323-4AB5-AE70-2DDF7063B896}
	EndGlobalSection
EndGlobal
